# THIS IS AN AUTOGENERATED FILE. DO NOT EDIT THIS FILE DIRECTLY.
# yarn lockfile v1


marked@^0.5.2:
  version "0.5.2"
  resolved "https://registry.yarnpkg.com/marked/-/marked-0.5.2.tgz#3efdb27b1fd0ecec4f5aba362bddcd18120e5ba9"
  integrity sha512-fdZvBa7/vSQIZCi4uuwo2N3q+7jJURpMVCcbaX0S1Mg65WZ5ilXvC67MviJAsdjqqgD+CEq4RKo5AYGgINkVAA==
